{
    "_readme": [
        "This file locks the dependencies of your project to a known state",
        "Read more about it at https://getcomposer.org/doc/01-basic-usage.md#installing-dependencies",
        "This file is @generated automatically"
    ],
    "content-hash": "6c30a1c55d8bed8ec263720fad3f2900",
    "packages": [
        {
            "name": "dcblogdev/pdo-wrapper",
            "version": "v2.0.1",
            "source": {
                "type": "git",
                "url": "https://github.com/dcblogdev/pdo-wrapper.git",
                "reference": "6c048b1838858d3d825b75f11b98d13b6cf43eee"
            },
            "dist": {
                "type": "zip",
                "url": "https://api.github.com/repos/dcblogdev/pdo-wrapper/zipball/6c048b1838858d3d825b75f11b98d13b6cf43eee",
                "reference": "6c048b1838858d3d825b75f11b98d13b6cf43eee",
                "shasum": ""
            },
            "require": {
                "php": ">=7.2"
            },
            "type": "library",
            "autoload": {
                "psr-4": {
                    "Dcblogdev\\PdoWrapper\\": "/src"
                }
            },
            "notification-url": "https://packagist.org/downloads/",
            "license": [
                "MIT"
            ],
            "authors": [
                {
                    "name": "David Carr",
                    "email": "dave@dcblog.dev",
                    "homepage": "https://dcblog.dev",
                    "role": "Developer"
                }
            ],
            "description": "A crud wrapper for PDO",
            "support": {
                "issues": "https://github.com/dcblogdev/pdo-wrapper/issues",
                "source": "https://github.com/dcblogdev/pdo-wrapper/tree/v2.0.1"
            },
            "time": "2020-04-19T23:52:33+00:00"
        }
    ],
    "packages-dev": [],
    "aliases": [],
    "minimum-stability": "stable",
    "stability-flags": [],
    "prefer-stable": false,
    "prefer-lowest": false,
    "platform": [],
    "platform-dev": [],
    "plugin-api-version": "2.3.0"
}
